// !$*UTF8*$!
{
	archiveVersion = 1;
	classes = {
	};
	objectVersion = 50;
	objects = {

/* Begin PBXBuildFile section */
		FE64802925D5714B00A1618E /* AppDelegate.swift in Sources */ = {isa = PBXBuildFile; fileRef = FE64802825D5714B00A1618E /* AppDelegate.swift */; };
		FE64802B25D5714B00A1618E /* SceneDelegate.swift in Sources */ = {isa = PBXBuildFile; fileRef = FE64802A25D5714B00A1618E /* SceneDelegate.swift */; };
		FE64803025D5714B00A1618E /* Main.storyboard in Resources */ = {isa = PBXBuildFile; fileRef = FE64802E25D5714B00A1618E /* Main.storyboard */; };
		FE64803225D5714C00A1618E /* Assets.xcassets in Resources */ = {isa = PBXBuildFile; fileRef = FE64803125D5714C00A1618E /* Assets.xcassets */; };
		FE64803525D5714C00A1618E /* LaunchScreen.storyboard in Resources */ = {isa = PBXBuildFile; fileRef = FE64803325D5714C00A1618E /* LaunchScreen.storyboard */; };
		FE64804025D5757F00A1618E /* TableViewController.swift in Sources */ = {isa = PBXBuildFile; fileRef = FE64803F25D5757F00A1618E /* TableViewController.swift */; };
		FE64804325D575C100A1618E /* AddViewController.swift in Sources */ = {isa = PBXBuildFile; fileRef = FE64804225D575C100A1618E /* AddViewController.swift */; };
		FE64804625D575D000A1618E /* DetailViewController.swift in Sources */ = {isa = PBXBuildFile; fileRef = FE64804525D575D000A1618E /* DetailViewController.swift */; };
		FE64804925D577B700A1618E /* one.png in Resources */ = {isa = PBXBuildFile; fileRef = FE64804825D577B700A1618E /* one.png */; };
		FE64804C25D577BE00A1618E /* two.png in Resources */ = {isa = PBXBuildFile; fileRef = FE64804B25D577BE00A1618E /* two.png */; };
		FE64804F25D577C400A1618E /* three.png in Resources */ = {isa = PBXBuildFile; fileRef = FE64804E25D577C400A1618E /* three.png */; };
/* End PBXBuildFile section */

/* Begin PBXFileReference section */
		FE64802525D5714B00A1618E /* Table2.app */ = {isa = PBXFileReference; explicitFileType = wrapper.application; includeInIndex = 0; path = Table2.app; sourceTree = BUILT_PRODUCTS_DIR; };
		FE64802825D5714B00A1618E /* AppDelegate.swift */ = {isa = PBXFileReference; lastKnownFileType = sourcecode.swift; path = AppDelegate.swift; sourceTree = "<group>"; };
		FE64802A25D5714B00A1618E /* SceneDelegate.swift */ = {isa = PBXFileReference; lastKnownFileType = sourcecode.swift; path = SceneDelegate.swift; sourceTree = "<group>"; };
		FE64802F25D5714B00A1618E /* Base */ = {isa = PBXFileReference; lastKnownFileType = file.storyboard; name = Base; path = Base.lproj/Main.storyboard; sourceTree = "<group>"; };
		FE64803125D5714C00A1618E /* Assets.xcassets */ = {isa = PBXFileReference; lastKnownFileType = folder.assetcatalog; path = Assets.xcassets; sourceTree = "<group>"; };
		FE64803425D5714C00A1618E /* Base */ = {isa = PBXFileReference; lastKnownFileType = file.storyboard; name = Base; path = Base.lproj/LaunchScreen.storyboard; sourceTree = "<group>"; };
		FE64803625D5714C00A1618E /* Info.plist */ = {isa = PBXFileReference; lastKnownFileType = text.plist.xml; path = Info.plist; sourceTree = "<group>"; };
		FE64803F25D5757F00A1618E /* TableViewController.swift */ = {isa = PBXFileReference; lastKnownFileType = sourcecode.swift; path = TableViewController.swift; sourceTree = "<group>"; };
		FE64804225D575C100A1618E /* AddViewController.swift */ = {isa = PBXFileReference; lastKnownFileType = sourcecode.swift; path = AddViewController.swift; sourceTree = "<group>"; };
		FE64804525D575D000A1618E /* DetailViewController.swift */ = {isa = PBXFileReference; lastKnownFileType = sourcecode.swift; path = DetailViewController.swift; sourceTree = "<group>"; };
		FE64804825D577B700A1618E /* one.png */ = {isa = PBXFileReference; lastKnownFileType = image.png; name = one.png; path = ../../../../../Downloads/one.png; sourceTree = "<group>"; };
		FE64804B25D577BE00A1618E /* two.png */ = {isa = PBXFileReference; lastKnownFileType = image.png; name = two.png; path = ../../../../../Downloads/two.png; sourceTree = "<group>"; };
		FE64804E25D577C400A1618E /* three.png */ = {isa = PBXFileReference; lastKnownFileType = image.png; name = three.png; path = ../../../../../Downloads/three.png; sourceTree = "<group>"; };
/* End PBXFileReference section */

/* Begin PBXFrameworksBuildPhase section */
		FE64802225D5714B00A1618E /* Frameworks */ = {
			isa = PBXFrameworksBuildPhase;
			buildActionMask = 2147483647;
			files = (
			);
			runOnlyForDeploymentPostprocessing = 0;
		};
/* End PBXFrameworksBuildPhase section */

/* Begin PBXGroup section */
		FE64801C25D5714B00A1618E = {
			isa = PBXGroup;
			children = (
				FE64802725D5714B00A1618E /* Table2 */,
				FE64802625D5714B00A1618E /* Products */,
			);
			sourceTree = "<group>";
		};
		FE64802625D5714B00A1618E /* Products */ = {
			isa = PBXGroup;
			children = (
				FE64802525D5714B00A1618E /* Table2.app */,
			);
			name = Products;
			sourceTree = "<group>";
		};
		FE64802725D5714B00A1618E /* Table2 */ = {
			isa = PBXGroup;
			children = (
				FE64804825D577B700A1618E /* one.png */,
				FE64804B25D577BE00A1618E /* two.png */,
				FE64804E25D577C400A1618E /* three.png */,
				FE64802825D5714B00A1618E /* AppDelegate.swift */,
				FE64804525D575D000A1618E /* DetailViewController.swift */,
				FE64804225D575C100A1618E /* AddViewController.swift */,
				FE64803F25D5757F00A1618E /* TableViewController.swift */,
				FE64802A25D5714B00A1618E /* SceneDelegate.swift */,
				FE64802E25D5714B00A1618E /* Main.storyboard */,
				FE64803125D5714C00A1618E /* Assets.xcassets */,
				FE64803325D5714C00A1618E /* LaunchScreen.storyboard */,
				FE64803625D5714C00A1618E /* Info.plist */,
			);
			path = Table2;
			sourceTree = "<group>";
		};
/* End PBXGroup section */

/* Begin PBXNativeTarget section */
		FE64802425D5714B00A1618E /* Table2 */ = {
			isa = PBXNativeTarget;
			buildConfigurationList = FE64803925D5714C00A1618E /* Build configuration list for PBXNativeTarget "Table2" */;
			buildPhases = (
				FE64802125D5714B00A1618E /* Sources */,
				FE64802225D5714B00A1618E /* Frameworks */,
				FE64802325D5714B00A1618E /* Resources */,
			);
			buildRules = (
			);
			dependencies = (
			);
			name = Table2;
			productName = Table2;
			productReference = FE64802525D5714B00A1618E /* Table2.app */;
			productType = "com.apple.product-type.application";
		};
/* End PBXNativeTarget section */

/* Begin PBXProject section */
		FE64801D25D5714B00A1618E /* Project object */ = {
			isa = PBXProject;
			attributes = {
				LastSwiftUpdateCheck = 1240;
				LastUpgradeCheck = 1240;
				TargetAttributes = {
					FE64802425D5714B00A1618E = {
						CreatedOnToolsVersion = 12.4;
					};
				};
			};
			buildConfigurationList = FE64802025D5714B00A1618E /* Build configuration list for PBXProject "Table2" */;
			compatibilityVersion = "Xcode 9.3";
			developmentRegion = en;
			hasScannedForEncodings = 0;
			knownRegions = (
				en,
				Base,
			);
			mainGroup = FE64801C25D5714B00A1618E;
			productRefGroup = FE64802625D5714B00A1618E /* Products */;
			projectDirPath = "";
			projectRoot = "";
			targets = (
				FE64802425D5714B00A1618E /* Table2 */,
			);
		};
/* End PBXProject section */

/* Begin PBXResourcesBuildPhase section */
		FE64802325D5714B00A1618E /* Resources */ = {
			isa = PBXResourcesBuildPhase;
			buildActionMask = 2147483647;
			files = (
				FE64804925D577B700A1618E /* one.png in Resources */,
				FE64803525D5714C00A1618E /* LaunchScreen.storyboard in Resources */,
				FE64804F25D577C400A1618E /* three.png in Resources */,
				FE64803225D5714C00A1618E /* Assets.xcassets in Resources */,
				FE64804C25D577BE00A1618E /* two.png in Resources */,
				FE64803025D5714B00A1618E /* Main.storyboard in Resources */,
			);
			runOnlyForDeploymentPostprocessing = 0;
		};
/* End PBXResourcesBuildPhase section */

/* Begin PBXSourcesBuildPhase section */
		FE64802125D5714B00A1618E /* Sources */ = {
			isa = PBXSourcesBuildPhase;
			buildActionMask = 2147483647;
			files = (
				FE64802925D5714B00A1618E /* AppDelegate.swift in Sources */,
				FE64804025D5757F00A1618E /* TableViewController.swift in Sources */,
				FE64804625D575D000A1618E /* DetailViewController.swift in Sources */,
				FE64804325D575C100A1618E /* AddViewController.swift in Sources */,
				FE64802B25D5714B00A1618E /* SceneDelegate.swift in Sources */,
			);
			runOnlyForDeploymentPostprocessing = 0;
		};
/* End PBXSourcesBuildPhase section */

/* Begin PBXVariantGroup section */
		FE64802E25D5714B00A1618E /* Main.storyboard */ = {
			isa = PBXVariantGroup;
			children = (
				FE64802F25D5714B00A1618E /* Base */,
			);
			name = Main.storyboard;
			sourceTree = "<group>";
		};
		FE64803325D5714C00A1618E /* LaunchScreen.storyboard */ = {
			isa = PBXVariantGroup;
			children = (
				FE64803425D5714C00A1618E /* Base */,
			);
			name = LaunchScreen.storyboard;
			sourceTree = "<group>";
		};
/* End PBXVariantGroup section */

/* Begin XCBuildConfiguration section */
		FE64803725D5714C00A1618E /* Debug */ = {
			isa = XCBuildConfiguration;
			buildSettings = {
				ALWAYS_SEARCH_USER_PATHS = NO;
				CLANG_ANALYZER_NONNULL = YES;
				CLANG_ANALYZER_NUMBER_OBJECT_CONVERSION = YES_AGGRESSIVE;
				CLANG_CXX_LANGUAGE_STANDARD = "gnu++14";
				CLANG_CXX_LIBRARY = "libc++";
				CLANG_ENABLE_MODULES = YES;
				CLANG_ENABLE_OBJC_ARC = YES;
				CLANG_ENABLE_OBJC_WEAK = YES;
				CLANG_WARN_BLOCK_CAPTURE_AUTORELEASING = YES;
				CLANG_WARN_BOOL_CONVERSION = YES;
				CLANG_WARN_COMMA = YES;
				CLANG_WARN_CONSTANT_CONVERSION = YES;
				CLANG_WARN_DEPRECATED_OBJC_IMPLEMENTATIONS = YES;
				CLANG_WARN_DIRECT_OBJC_ISA_USAGE = YES_ERROR;
				CLANG_WARN_DOCUMENTATION_COMMENTS = YES;
				CLANG_WARN_EMPTY_BODY = YES;
				CLANG_WARN_ENUM_CONVERSION = YES;
				CLANG_WARN_INFINITE_RECURSION = YES;
				CLANG_WARN_INT_CONVERSION = YES;
				CLANG_WARN_NON_LITERAL_NULL_CONVERSION = YES;
				CLANG_WARN_OBJC_IMPLICIT_RETAIN_SELF = YES;
				CLANG_WARN_OBJC_LITERAL_CONVERSION = YES;
				CLANG_WARN_OBJC_ROOT_CLASS = YES_ERROR;
				CLANG_WARN_QUOTED_INCLUDE_IN_FRAMEWORK_HEADER = YES;
				CLANG_WARN_RANGE_LOOP_ANALYSIS = YES;
				CLANG_WARN_STRICT_PROTOTYPES = YES;
				CLANG_WARN_SUSPICIOUS_MOVE = YES;
				CLANG_WARN_UNGUARDED_AVAILABILITY = YES_AGGRESSIVE;
				CLANG_WARN_UNREACHABLE_CODE = YES;
				CLANG_WARN__DUPLICATE_METHOD_MATCH = YES;
				COPY_PHASE_STRIP = NO;
				DEBUG_INFORMATION_FORMAT = dwarf;
				ENABLE_STRICT_OBJC_MSGSEND = YES;
				ENABLE_TESTABILITY = YES;
				GCC_C_LANGUAGE_STANDARD = gnu11;
				GCC_DYNAMIC_NO_PIC = NO;
				GCC_NO_COMMON_BLOCKS = YES;
				GCC_OPTIMIZATION_LEVEL = 0;
				GCC_PREPROCESSOR_DEFINITIONS = (
					"DEBUG=1",
					"$(inherited)",
				);
				GCC_WARN_64_TO_32_BIT_CONVERSION = YES;
				GCC_WARN_ABOUT_RETURN_TYPE = YES_ERROR;
				GCC_WARN_UNDECLARED_SELECTOR = YES;
				GCC_WARN_UNINITIALIZED_AUTOS = YES_AGGRESSIVE;
				GCC_WARN_UNUSED_FUNCTION = YES;
				GCC_WARN_UNUSED_VARIABLE = YES;
				IPHONEOS_DEPLOYMENT_TARGET = 14.4;
				MTL_ENABLE_DEBUG_INFO = INCLUDE_SOURCE;
				MTL_FAST_MATH = YES;
				ONLY_ACTIVE_ARCH = YES;
				SDKROOT = iphoneos;
				SWIFT_ACTIVE_COMPILATION_CONDITIONS = DEBUG;
				SWIFT_OPTIMIZATION_LEVEL = "-Onone";
			};
			name = Debug;
		};
		FE64803825D5714C00A1618E /* Release */ = {
			isa = XCBuildConfiguration;
			buildSettings = {
				ALWAYS_SEARCH_USER_PATHS = NO;
				CLANG_ANALYZER_NONNULL = YES;
				CLANG_ANALYZER_NUMBER_OBJECT_CONVERSION = YES_AGGRESSIVE;
				CLANG_CXX_LANGUAGE_STANDARD = "gnu++14";
				CLANG_CXX_LIBRARY = "libc++";
				CLANG_ENABLE_MODULES = YES;
				CLANG_ENABLE_OBJC_ARC = YES;
				CLANG_ENABLE_OBJC_WEAK = YES;
				CLANG_WARN_BLOCK_CAPTURE_AUTORELEASING = YES;
				CLANG_WARN_BOOL_CONVERSION = YES;
				CLANG_WARN_COMMA = YES;
				CLANG_WARN_CONSTANT_CONVERSION = YES;
				CLANG_WARN_DEPRECATED_OBJC_IMPLEMENTATIONS = YES;
				CLANG_WARN_DIRECT_OBJC_ISA_USAGE = YES_ERROR;
				CLANG_WARN_DOCUMENTATION_COMMENTS = YES;
				CLANG_WARN_EMPTY_BODY = YES;
				CLANG_WARN_ENUM_CONVERSION = YES;
				CLANG_WARN_INFINITE_RECURSION = YES;
				CLANG_WARN_INT_CONVERSION = YES;
				CLANG_WARN_NON_LITERAL_NULL_CONVERSION = YES;
				CLANG_WARN_OBJC_IMPLICIT_RETAIN_SELF = YES;
				CLANG_WARN_OBJC_LITERAL_CONVERSION = YES;
				CLANG_WARN_OBJC_ROOT_CLASS = YES_ERROR;
				CLANG_WARN_QUOTED_INCLUDE_IN_FRAMEWORK_HEADER = YES;
				CLANG_WARN_RANGE_LOOP_ANALYSIS = YES;
				CLANG_WARN_STRICT_PROTOTYPES = YES;
				CLANG_WARN_SUSPICIOUS_MOVE = YES;
				CLANG_WARN_UNGUARDED_AVAILABILITY = YES_AGGRESSIVE;
				CLANG_WARN_UNREACHABLE_CODE = YES;
				CLANG_WARN__DUPLICATE_METHOD_MATCH = YES;
				COPY_PHASE_STRIP = NO;
				DEBUG_INFORMATION_FORMAT = "dwarf-with-dsym";
				ENABLE_NS_ASSERTIONS = NO;
				ENABLE_STRICT_OBJC_MSGSEND = YES;
				GCC_C_LANGUAGE_STANDARD = gnu11;
				GCC_NO_COMMON_BLOCKS = YES;
				GCC_WARN_64_TO_32_BIT_CONVERSION = YES;
				GCC_WARN_ABOUT_RETURN_TYPE = YES_ERROR;
				GCC_WARN_UNDECLARED_SELECTOR = YES;
				GCC_WARN_UNINITIALIZED_AUTOS = YES_AGGRESSIVE;
				GCC_WARN_UNUSED_FUNCTION = YES;
				GCC_WARN_UNUSED_VARIABLE = YES;
				IPHONEOS_DEPLOYMENT_TARGET = 14.4;
				MTL_ENABLE_DEBUG_INFO = NO;
				MTL_FAST_MATH = YES;
				SDKROOT = iphoneos;
				SWIFT_COMPILATION_MODE = wholemodule;
				SWIFT_OPTIMIZATION_LEVEL = "-O";
				VALIDATE_PRODUCT = YES;
			};
			name = Release;
		};
		FE64803A25D5714C00A1618E /* Debug */ = {
			isa = XCBuildConfiguration;
			buildSettings = {
				ASSETCATALOG_COMPILER_APPICON_NAME = AppIcon;
				ASSETCATALOG_COMPILER_GLOBAL_ACCENT_COLOR_NAME = AccentColor;
				CODE_SIGN_STYLE = Automatic;
				INFOPLIST_FILE = Table2/Info.plist;
				LD_RUNPATH_SEARCH_PATHS = (
					"$(inherited)",
					"@executable_path/Frameworks",
				);
				PRODUCT_BUNDLE_IDENTIFIER = none.Table2;
				PRODUCT_NAME = "$(TARGET_NAME)";
				SWIFT_VERSION = 5.0;
				TARGETED_DEVICE_FAMILY = 1;
			};
			name = Debug;
		};
		FE64803B25D5714C00A1618E /* Release */ = {
			isa = XCBuildConfiguration;
			buildSettings = {
				ASSETCATALOG_COMPILER_APPICON_NAME = AppIcon;
				ASSETCATALOG_COMPILER_GLOBAL_ACCENT_COLOR_NAME = AccentColor;
				CODE_SIGN_STYLE = Automatic;
				INFOPLIST_FILE = Table2/Info.plist;
				LD_RUNPATH_SEARCH_PATHS = (
					"$(inherited)",
					"@executable_path/Frameworks",
				);
				PRODUCT_BUNDLE_IDENTIFIER = none.Table2;
				PRODUCT_NAME = "$(TARGET_NAME)";
				SWIFT_VERSION = 5.0;
				TARGETED_DEVICE_FAMILY = 1;
			};
			name = Release;
		};
/* End XCBuildConfiguration section */

/* Begin XCConfigurationList section */
		FE64802025D5714B00A1618E /* Build configuration list for PBXProject "Table2" */ = {
			isa = XCConfigurationList;
			buildConfigurations = (
				FE64803725D5714C00A1618E /* Debug */,
				FE64803825D5714C00A1618E /* Release */,
			);
			defaultConfigurationIsVisible = 0;
			defaultConfigurationName = Release;
		};
		FE64803925D5714C00A1618E /* Build configuration list for PBXNativeTarget "Table2" */ = {
			isa = XCConfigurationList;
			buildConfigurations = (
				FE64803A25D5714C00A1618E /* Debug */,
				FE64803B25D5714C00A1618E /* Release */,
			);
			defaultConfigurationIsVisible = 0;
			defaultConfigurationName = Release;
		};
/* End XCConfigurationList section */
	};
	rootObject = FE64801D25D5714B00A1618E /* Project object */;
}
