// !$*UTF8*$!
{
	archiveVersion = 1;
	classes = {
	};
	objectVersion = 50;
	objects = {

/* Begin PBXBuildFile section */
		FEDB3EB125D2A35300295964 /* AppDelegate.swift in Sources */ = {isa = PBXBuildFile; fileRef = FEDB3EB025D2A35300295964 /* AppDelegate.swift */; };
		FEDB3EB325D2A35300295964 /* SceneDelegate.swift in Sources */ = {isa = PBXBuildFile; fileRef = FEDB3EB225D2A35300295964 /* SceneDelegate.swift */; };
		FEDB3EB525D2A35300295964 /* ViewController.swift in Sources */ = {isa = PBXBuildFile; fileRef = FEDB3EB425D2A35300295964 /* ViewController.swift */; };
		FEDB3EB825D2A35300295964 /* Main.storyboard in Resources */ = {isa = PBXBuildFile; fileRef = FEDB3EB625D2A35300295964 /* Main.storyboard */; };
		FEDB3EBA25D2A35400295964 /* Assets.xcassets in Resources */ = {isa = PBXBuildFile; fileRef = FEDB3EB925D2A35400295964 /* Assets.xcassets */; };
		FEDB3EBD25D2A35400295964 /* LaunchScreen.storyboard in Resources */ = {isa = PBXBuildFile; fileRef = FEDB3EBB25D2A35400295964 /* LaunchScreen.storyboard */; };
		FEDB3EC825D2A45900295964 /* lamp1.png in Resources */ = {isa = PBXBuildFile; fileRef = FEDB3EC625D2A45900295964 /* lamp1.png */; };
		FEDB3EC925D2A45900295964 /* lamp2.jpg in Resources */ = {isa = PBXBuildFile; fileRef = FEDB3EC725D2A45900295964 /* lamp2.jpg */; };
		FEDB3ECC25D2A4B500295964 /* ImageViewController.swift in Sources */ = {isa = PBXBuildFile; fileRef = FEDB3ECB25D2A4B500295964 /* ImageViewController.swift */; };
		FEDB3ECF25D2A68F00295964 /* DateViewController.swift in Sources */ = {isa = PBXBuildFile; fileRef = FEDB3ECE25D2A68F00295964 /* DateViewController.swift */; };
		FEDB3ED225D2A8B300295964 /* 1.jpg in Resources */ = {isa = PBXBuildFile; fileRef = FEDB3ED125D2A8B300295964 /* 1.jpg */; };
		FEDB3EDC25D2ACB100295964 /* PickerViewController.swift in Sources */ = {isa = PBXBuildFile; fileRef = FEDB3EDB25D2ACB100295964 /* PickerViewController.swift */; };
/* End PBXBuildFile section */

/* Begin PBXFileReference section */
		FEDB3EAD25D2A35300295964 /* Tab.app */ = {isa = PBXFileReference; explicitFileType = wrapper.application; includeInIndex = 0; path = Tab.app; sourceTree = BUILT_PRODUCTS_DIR; };
		FEDB3EB025D2A35300295964 /* AppDelegate.swift */ = {isa = PBXFileReference; lastKnownFileType = sourcecode.swift; path = AppDelegate.swift; sourceTree = "<group>"; };
		FEDB3EB225D2A35300295964 /* SceneDelegate.swift */ = {isa = PBXFileReference; lastKnownFileType = sourcecode.swift; path = SceneDelegate.swift; sourceTree = "<group>"; };
		FEDB3EB425D2A35300295964 /* ViewController.swift */ = {isa = PBXFileReference; lastKnownFileType = sourcecode.swift; path = ViewController.swift; sourceTree = "<group>"; };
		FEDB3EB725D2A35300295964 /* Base */ = {isa = PBXFileReference; lastKnownFileType = file.storyboard; name = Base; path = Base.lproj/Main.storyboard; sourceTree = "<group>"; };
		FEDB3EB925D2A35400295964 /* Assets.xcassets */ = {isa = PBXFileReference; lastKnownFileType = folder.assetcatalog; path = Assets.xcassets; sourceTree = "<group>"; };
		FEDB3EBC25D2A35400295964 /* Base */ = {isa = PBXFileReference; lastKnownFileType = file.storyboard; name = Base; path = Base.lproj/LaunchScreen.storyboard; sourceTree = "<group>"; };
		FEDB3EBE25D2A35400295964 /* Info.plist */ = {isa = PBXFileReference; lastKnownFileType = text.plist.xml; path = Info.plist; sourceTree = "<group>"; };
		FEDB3EC625D2A45900295964 /* lamp1.png */ = {isa = PBXFileReference; lastKnownFileType = image.png; name = lamp1.png; path = ../../Alert/Alert/lamp1.png; sourceTree = "<group>"; };
		FEDB3EC725D2A45900295964 /* lamp2.jpg */ = {isa = PBXFileReference; lastKnownFileType = image.jpeg; name = lamp2.jpg; path = ../../Alert/Alert/lamp2.jpg; sourceTree = "<group>"; };
		FEDB3ECB25D2A4B500295964 /* ImageViewController.swift */ = {isa = PBXFileReference; fileEncoding = 4; lastKnownFileType = sourcecode.swift; name = ImageViewController.swift; path = ../../Alert/Alert/ImageViewController.swift; sourceTree = "<group>"; };
		FEDB3ECE25D2A68F00295964 /* DateViewController.swift */ = {isa = PBXFileReference; fileEncoding = 4; lastKnownFileType = sourcecode.swift; name = DateViewController.swift; path = ../../DatePicker/DatePicker/DateViewController.swift; sourceTree = "<group>"; };
		FEDB3ED125D2A8B300295964 /* 1.jpg */ = {isa = PBXFileReference; lastKnownFileType = image.jpeg; name = 1.jpg; path = ../../PageControl/PageControl/1.jpg; sourceTree = "<group>"; };
		FEDB3EDB25D2ACB100295964 /* PickerViewController.swift */ = {isa = PBXFileReference; fileEncoding = 4; lastKnownFileType = sourcecode.swift; path = PickerViewController.swift; sourceTree = "<group>"; };
/* End PBXFileReference section */

/* Begin PBXFrameworksBuildPhase section */
		FEDB3EAA25D2A35300295964 /* Frameworks */ = {
			isa = PBXFrameworksBuildPhase;
			buildActionMask = 2147483647;
			files = (
			);
			runOnlyForDeploymentPostprocessing = 0;
		};
/* End PBXFrameworksBuildPhase section */

/* Begin PBXGroup section */
		FEDB3EA425D2A35300295964 = {
			isa = PBXGroup;
			children = (
				FEDB3EAF25D2A35300295964 /* Tab */,
				FEDB3EAE25D2A35300295964 /* Products */,
			);
			sourceTree = "<group>";
		};
		FEDB3EAE25D2A35300295964 /* Products */ = {
			isa = PBXGroup;
			children = (
				FEDB3EAD25D2A35300295964 /* Tab.app */,
			);
			name = Products;
			sourceTree = "<group>";
		};
		FEDB3EAF25D2A35300295964 /* Tab */ = {
			isa = PBXGroup;
			children = (
				FEDB3ECE25D2A68F00295964 /* DateViewController.swift */,
				FEDB3ECB25D2A4B500295964 /* ImageViewController.swift */,
				FEDB3EC625D2A45900295964 /* lamp1.png */,
				FEDB3EC725D2A45900295964 /* lamp2.jpg */,
				FEDB3ED125D2A8B300295964 /* 1.jpg */,
				FEDB3EB025D2A35300295964 /* AppDelegate.swift */,
				FEDB3EB225D2A35300295964 /* SceneDelegate.swift */,
				FEDB3EB425D2A35300295964 /* ViewController.swift */,
				FEDB3EDB25D2ACB100295964 /* PickerViewController.swift */,
				FEDB3EB625D2A35300295964 /* Main.storyboard */,
				FEDB3EB925D2A35400295964 /* Assets.xcassets */,
				FEDB3EBB25D2A35400295964 /* LaunchScreen.storyboard */,
				FEDB3EBE25D2A35400295964 /* Info.plist */,
			);
			path = Tab;
			sourceTree = "<group>";
		};
/* End PBXGroup section */

/* Begin PBXNativeTarget section */
		FEDB3EAC25D2A35300295964 /* Tab */ = {
			isa = PBXNativeTarget;
			buildConfigurationList = FEDB3EC125D2A35400295964 /* Build configuration list for PBXNativeTarget "Tab" */;
			buildPhases = (
				FEDB3EA925D2A35300295964 /* Sources */,
				FEDB3EAA25D2A35300295964 /* Frameworks */,
				FEDB3EAB25D2A35300295964 /* Resources */,
			);
			buildRules = (
			);
			dependencies = (
			);
			name = Tab;
			productName = Tab;
			productReference = FEDB3EAD25D2A35300295964 /* Tab.app */;
			productType = "com.apple.product-type.application";
		};
/* End PBXNativeTarget section */

/* Begin PBXProject section */
		FEDB3EA525D2A35300295964 /* Project object */ = {
			isa = PBXProject;
			attributes = {
				LastSwiftUpdateCheck = 1240;
				LastUpgradeCheck = 1240;
				TargetAttributes = {
					FEDB3EAC25D2A35300295964 = {
						CreatedOnToolsVersion = 12.4;
					};
				};
			};
			buildConfigurationList = FEDB3EA825D2A35300295964 /* Build configuration list for PBXProject "Tab" */;
			compatibilityVersion = "Xcode 9.3";
			developmentRegion = en;
			hasScannedForEncodings = 0;
			knownRegions = (
				en,
				Base,
			);
			mainGroup = FEDB3EA425D2A35300295964;
			productRefGroup = FEDB3EAE25D2A35300295964 /* Products */;
			projectDirPath = "";
			projectRoot = "";
			targets = (
				FEDB3EAC25D2A35300295964 /* Tab */,
			);
		};
/* End PBXProject section */

/* Begin PBXResourcesBuildPhase section */
		FEDB3EAB25D2A35300295964 /* Resources */ = {
			isa = PBXResourcesBuildPhase;
			buildActionMask = 2147483647;
			files = (
				FEDB3EBD25D2A35400295964 /* LaunchScreen.storyboard in Resources */,
				FEDB3EBA25D2A35400295964 /* Assets.xcassets in Resources */,
				FEDB3EC925D2A45900295964 /* lamp2.jpg in Resources */,
				FEDB3ED225D2A8B300295964 /* 1.jpg in Resources */,
				FEDB3EB825D2A35300295964 /* Main.storyboard in Resources */,
				FEDB3EC825D2A45900295964 /* lamp1.png in Resources */,
			);
			runOnlyForDeploymentPostprocessing = 0;
		};
/* End PBXResourcesBuildPhase section */

/* Begin PBXSourcesBuildPhase section */
		FEDB3EA925D2A35300295964 /* Sources */ = {
			isa = PBXSourcesBuildPhase;
			buildActionMask = 2147483647;
			files = (
				FEDB3EDC25D2ACB100295964 /* PickerViewController.swift in Sources */,
				FEDB3ECF25D2A68F00295964 /* DateViewController.swift in Sources */,
				FEDB3EB525D2A35300295964 /* ViewController.swift in Sources */,
				FEDB3EB125D2A35300295964 /* AppDelegate.swift in Sources */,
				FEDB3ECC25D2A4B500295964 /* ImageViewController.swift in Sources */,
				FEDB3EB325D2A35300295964 /* SceneDelegate.swift in Sources */,
			);
			runOnlyForDeploymentPostprocessing = 0;
		};
/* End PBXSourcesBuildPhase section */

/* Begin PBXVariantGroup section */
		FEDB3EB625D2A35300295964 /* Main.storyboard */ = {
			isa = PBXVariantGroup;
			children = (
				FEDB3EB725D2A35300295964 /* Base */,
			);
			name = Main.storyboard;
			sourceTree = "<group>";
		};
		FEDB3EBB25D2A35400295964 /* LaunchScreen.storyboard */ = {
			isa = PBXVariantGroup;
			children = (
				FEDB3EBC25D2A35400295964 /* Base */,
			);
			name = LaunchScreen.storyboard;
			sourceTree = "<group>";
		};
/* End PBXVariantGroup section */

/* Begin XCBuildConfiguration section */
		FEDB3EBF25D2A35400295964 /* Debug */ = {
			isa = XCBuildConfiguration;
			buildSettings = {
				ALWAYS_SEARCH_USER_PATHS = NO;
				CLANG_ANALYZER_NONNULL = YES;
				CLANG_ANALYZER_NUMBER_OBJECT_CONVERSION = YES_AGGRESSIVE;
				CLANG_CXX_LANGUAGE_STANDARD = "gnu++14";
				CLANG_CXX_LIBRARY = "libc++";
				CLANG_ENABLE_MODULES = YES;
				CLANG_ENABLE_OBJC_ARC = YES;
				CLANG_ENABLE_OBJC_WEAK = YES;
				CLANG_WARN_BLOCK_CAPTURE_AUTORELEASING = YES;
				CLANG_WARN_BOOL_CONVERSION = YES;
				CLANG_WARN_COMMA = YES;
				CLANG_WARN_CONSTANT_CONVERSION = YES;
				CLANG_WARN_DEPRECATED_OBJC_IMPLEMENTATIONS = YES;
				CLANG_WARN_DIRECT_OBJC_ISA_USAGE = YES_ERROR;
				CLANG_WARN_DOCUMENTATION_COMMENTS = YES;
				CLANG_WARN_EMPTY_BODY = YES;
				CLANG_WARN_ENUM_CONVERSION = YES;
				CLANG_WARN_INFINITE_RECURSION = YES;
				CLANG_WARN_INT_CONVERSION = YES;
				CLANG_WARN_NON_LITERAL_NULL_CONVERSION = YES;
				CLANG_WARN_OBJC_IMPLICIT_RETAIN_SELF = YES;
				CLANG_WARN_OBJC_LITERAL_CONVERSION = YES;
				CLANG_WARN_OBJC_ROOT_CLASS = YES_ERROR;
				CLANG_WARN_QUOTED_INCLUDE_IN_FRAMEWORK_HEADER = YES;
				CLANG_WARN_RANGE_LOOP_ANALYSIS = YES;
				CLANG_WARN_STRICT_PROTOTYPES = YES;
				CLANG_WARN_SUSPICIOUS_MOVE = YES;
				CLANG_WARN_UNGUARDED_AVAILABILITY = YES_AGGRESSIVE;
				CLANG_WARN_UNREACHABLE_CODE = YES;
				CLANG_WARN__DUPLICATE_METHOD_MATCH = YES;
				COPY_PHASE_STRIP = NO;
				DEBUG_INFORMATION_FORMAT = dwarf;
				ENABLE_STRICT_OBJC_MSGSEND = YES;
				ENABLE_TESTABILITY = YES;
				GCC_C_LANGUAGE_STANDARD = gnu11;
				GCC_DYNAMIC_NO_PIC = NO;
				GCC_NO_COMMON_BLOCKS = YES;
				GCC_OPTIMIZATION_LEVEL = 0;
				GCC_PREPROCESSOR_DEFINITIONS = (
					"DEBUG=1",
					"$(inherited)",
				);
				GCC_WARN_64_TO_32_BIT_CONVERSION = YES;
				GCC_WARN_ABOUT_RETURN_TYPE = YES_ERROR;
				GCC_WARN_UNDECLARED_SELECTOR = YES;
				GCC_WARN_UNINITIALIZED_AUTOS = YES_AGGRESSIVE;
				GCC_WARN_UNUSED_FUNCTION = YES;
				GCC_WARN_UNUSED_VARIABLE = YES;
				IPHONEOS_DEPLOYMENT_TARGET = 14.4;
				MTL_ENABLE_DEBUG_INFO = INCLUDE_SOURCE;
				MTL_FAST_MATH = YES;
				ONLY_ACTIVE_ARCH = YES;
				SDKROOT = iphoneos;
				SWIFT_ACTIVE_COMPILATION_CONDITIONS = DEBUG;
				SWIFT_OPTIMIZATION_LEVEL = "-Onone";
			};
			name = Debug;
		};
		FEDB3EC025D2A35400295964 /* Release */ = {
			isa = XCBuildConfiguration;
			buildSettings = {
				ALWAYS_SEARCH_USER_PATHS = NO;
				CLANG_ANALYZER_NONNULL = YES;
				CLANG_ANALYZER_NUMBER_OBJECT_CONVERSION = YES_AGGRESSIVE;
				CLANG_CXX_LANGUAGE_STANDARD = "gnu++14";
				CLANG_CXX_LIBRARY = "libc++";
				CLANG_ENABLE_MODULES = YES;
				CLANG_ENABLE_OBJC_ARC = YES;
				CLANG_ENABLE_OBJC_WEAK = YES;
				CLANG_WARN_BLOCK_CAPTURE_AUTORELEASING = YES;
				CLANG_WARN_BOOL_CONVERSION = YES;
				CLANG_WARN_COMMA = YES;
				CLANG_WARN_CONSTANT_CONVERSION = YES;
				CLANG_WARN_DEPRECATED_OBJC_IMPLEMENTATIONS = YES;
				CLANG_WARN_DIRECT_OBJC_ISA_USAGE = YES_ERROR;
				CLANG_WARN_DOCUMENTATION_COMMENTS = YES;
				CLANG_WARN_EMPTY_BODY = YES;
				CLANG_WARN_ENUM_CONVERSION = YES;
				CLANG_WARN_INFINITE_RECURSION = YES;
				CLANG_WARN_INT_CONVERSION = YES;
				CLANG_WARN_NON_LITERAL_NULL_CONVERSION = YES;
				CLANG_WARN_OBJC_IMPLICIT_RETAIN_SELF = YES;
				CLANG_WARN_OBJC_LITERAL_CONVERSION = YES;
				CLANG_WARN_OBJC_ROOT_CLASS = YES_ERROR;
				CLANG_WARN_QUOTED_INCLUDE_IN_FRAMEWORK_HEADER = YES;
				CLANG_WARN_RANGE_LOOP_ANALYSIS = YES;
				CLANG_WARN_STRICT_PROTOTYPES = YES;
				CLANG_WARN_SUSPICIOUS_MOVE = YES;
				CLANG_WARN_UNGUARDED_AVAILABILITY = YES_AGGRESSIVE;
				CLANG_WARN_UNREACHABLE_CODE = YES;
				CLANG_WARN__DUPLICATE_METHOD_MATCH = YES;
				COPY_PHASE_STRIP = NO;
				DEBUG_INFORMATION_FORMAT = "dwarf-with-dsym";
				ENABLE_NS_ASSERTIONS = NO;
				ENABLE_STRICT_OBJC_MSGSEND = YES;
				GCC_C_LANGUAGE_STANDARD = gnu11;
				GCC_NO_COMMON_BLOCKS = YES;
				GCC_WARN_64_TO_32_BIT_CONVERSION = YES;
				GCC_WARN_ABOUT_RETURN_TYPE = YES_ERROR;
				GCC_WARN_UNDECLARED_SELECTOR = YES;
				GCC_WARN_UNINITIALIZED_AUTOS = YES_AGGRESSIVE;
				GCC_WARN_UNUSED_FUNCTION = YES;
				GCC_WARN_UNUSED_VARIABLE = YES;
				IPHONEOS_DEPLOYMENT_TARGET = 14.4;
				MTL_ENABLE_DEBUG_INFO = NO;
				MTL_FAST_MATH = YES;
				SDKROOT = iphoneos;
				SWIFT_COMPILATION_MODE = wholemodule;
				SWIFT_OPTIMIZATION_LEVEL = "-O";
				VALIDATE_PRODUCT = YES;
			};
			name = Release;
		};
		FEDB3EC225D2A35400295964 /* Debug */ = {
			isa = XCBuildConfiguration;
			buildSettings = {
				ASSETCATALOG_COMPILER_APPICON_NAME = AppIcon;
				ASSETCATALOG_COMPILER_GLOBAL_ACCENT_COLOR_NAME = AccentColor;
				CODE_SIGN_STYLE = Automatic;
				INFOPLIST_FILE = Tab/Info.plist;
				LD_RUNPATH_SEARCH_PATHS = (
					"$(inherited)",
					"@executable_path/Frameworks",
				);
				PRODUCT_BUNDLE_IDENTIFIER = none.Tab;
				PRODUCT_NAME = "$(TARGET_NAME)";
				SWIFT_VERSION = 5.0;
				TARGETED_DEVICE_FAMILY = 1;
			};
			name = Debug;
		};
		FEDB3EC325D2A35400295964 /* Release */ = {
			isa = XCBuildConfiguration;
			buildSettings = {
				ASSETCATALOG_COMPILER_APPICON_NAME = AppIcon;
				ASSETCATALOG_COMPILER_GLOBAL_ACCENT_COLOR_NAME = AccentColor;
				CODE_SIGN_STYLE = Automatic;
				INFOPLIST_FILE = Tab/Info.plist;
				LD_RUNPATH_SEARCH_PATHS = (
					"$(inherited)",
					"@executable_path/Frameworks",
				);
				PRODUCT_BUNDLE_IDENTIFIER = none.Tab;
				PRODUCT_NAME = "$(TARGET_NAME)";
				SWIFT_VERSION = 5.0;
				TARGETED_DEVICE_FAMILY = 1;
			};
			name = Release;
		};
/* End XCBuildConfiguration section */

/* Begin XCConfigurationList section */
		FEDB3EA825D2A35300295964 /* Build configuration list for PBXProject "Tab" */ = {
			isa = XCConfigurationList;
			buildConfigurations = (
				FEDB3EBF25D2A35400295964 /* Debug */,
				FEDB3EC025D2A35400295964 /* Release */,
			);
			defaultConfigurationIsVisible = 0;
			defaultConfigurationName = Release;
		};
		FEDB3EC125D2A35400295964 /* Build configuration list for PBXNativeTarget "Tab" */ = {
			isa = XCConfigurationList;
			buildConfigurations = (
				FEDB3EC225D2A35400295964 /* Debug */,
				FEDB3EC325D2A35400295964 /* Release */,
			);
			defaultConfigurationIsVisible = 0;
			defaultConfigurationName = Release;
		};
/* End XCConfigurationList section */
	};
	rootObject = FEDB3EA525D2A35300295964 /* Project object */;
}
